
Microsoft Visual Studio Solution File, Format Version 12.00
# Visual Studio Version 16
VisualStudioVersion = 16.0.30523.141
MinimumVisualStudioVersion = 10.0.40219.1
Project("{9A19103F-16F7-4668-BE54-9A1E7A4F7556}") = "OnlineStore.Api", "OnlineStore\OnlineStore.Api.csproj", "{BFFF1E77-7C77-4032-9A4A-28C79E2BBBC8}"
EndProject
Project("{9A19103F-16F7-4668-BE54-9A1E7A4F7556}") = "OnlineStore.Dal", "OnlineStore.Dal\OnlineStore.Dal.csproj", "{CCCD2D38-631E-4A49-9E1A-2F9BD8706E81}"
EndProject
Project("{9A19103F-16F7-4668-BE54-9A1E7A4F7556}") = "OnlineStore.Core", "OnlineStore.Core\OnlineStore.Core.csproj", "{3650085C-0A63-4E62-9C38-5C9F990663C2}"
EndProject
Project("{9A19103F-16F7-4668-BE54-9A1E7A4F7556}") = "OnlineStore.Bll", "OnlineStore.Bll\OnlineStore.Bll.csproj", "{E9D8B675-8D37-405E-A8F7-3C634063A46D}"
EndProject
Project("{9A19103F-16F7-4668-BE54-9A1E7A4F7556}") = "OnlineStore.Assets", "OnlineStore.Assets\OnlineStore.Assets.csproj", "{A9D3A727-98C4-4723-848A-01A1F1E42BBA}"
EndProject
Project("{9A19103F-16F7-4668-BE54-9A1E7A4F7556}") = "OnlineStore.Test", "OnlineStore.Test\OnlineStore.Test.csproj", "{C685B883-7D04-40E8-AA1D-E2820402BE03}"
EndProject
Global
	GlobalSection(SolutionConfigurationPlatforms) = preSolution
		Debug|Any CPU = Debug|Any CPU
		Release|Any CPU = Release|Any CPU
	EndGlobalSection
	GlobalSection(ProjectConfigurationPlatforms) = postSolution
		{BFFF1E77-7C77-4032-9A4A-28C79E2BBBC8}.Debug|Any CPU.ActiveCfg = Debug|Any CPU
		{BFFF1E77-7C77-4032-9A4A-28C79E2BBBC8}.Debug|Any CPU.Build.0 = Debug|Any CPU
		{BFFF1E77-7C77-4032-9A4A-28C79E2BBBC8}.Release|Any CPU.ActiveCfg = Release|Any CPU
		{BFFF1E77-7C77-4032-9A4A-28C79E2BBBC8}.Release|Any CPU.Build.0 = Release|Any CPU
		{CCCD2D38-631E-4A49-9E1A-2F9BD8706E81}.Debug|Any CPU.ActiveCfg = Debug|Any CPU
		{CCCD2D38-631E-4A49-9E1A-2F9BD8706E81}.Debug|Any CPU.Build.0 = Debug|Any CPU
		{CCCD2D38-631E-4A49-9E1A-2F9BD8706E81}.Release|Any CPU.ActiveCfg = Release|Any CPU
		{CCCD2D38-631E-4A49-9E1A-2F9BD8706E81}.Release|Any CPU.Build.0 = Release|Any CPU
		{3650085C-0A63-4E62-9C38-5C9F990663C2}.Debug|Any CPU.ActiveCfg = Debug|Any CPU
		{3650085C-0A63-4E62-9C38-5C9F990663C2}.Debug|Any CPU.Build.0 = Debug|Any CPU
		{3650085C-0A63-4E62-9C38-5C9F990663C2}.Release|Any CPU.ActiveCfg = Release|Any CPU
		{3650085C-0A63-4E62-9C38-5C9F990663C2}.Release|Any CPU.Build.0 = Release|Any CPU
		{E9D8B675-8D37-405E-A8F7-3C634063A46D}.Debug|Any CPU.ActiveCfg = Debug|Any CPU
		{E9D8B675-8D37-405E-A8F7-3C634063A46D}.Debug|Any CPU.Build.0 = Debug|Any CPU
		{E9D8B675-8D37-405E-A8F7-3C634063A46D}.Release|Any CPU.ActiveCfg = Release|Any CPU
		{E9D8B675-8D37-405E-A8F7-3C634063A46D}.Release|Any CPU.Build.0 = Release|Any CPU
		{A9D3A727-98C4-4723-848A-01A1F1E42BBA}.Debug|Any CPU.ActiveCfg = Debug|Any CPU
		{A9D3A727-98C4-4723-848A-01A1F1E42BBA}.Debug|Any CPU.Build.0 = Debug|Any CPU
		{A9D3A727-98C4-4723-848A-01A1F1E42BBA}.Release|Any CPU.ActiveCfg = Release|Any CPU
		{A9D3A727-98C4-4723-848A-01A1F1E42BBA}.Release|Any CPU.Build.0 = Release|Any CPU
		{C685B883-7D04-40E8-AA1D-E2820402BE03}.Debug|Any CPU.ActiveCfg = Debug|Any CPU
		{C685B883-7D04-40E8-AA1D-E2820402BE03}.Debug|Any CPU.Build.0 = Debug|Any CPU
		{C685B883-7D04-40E8-AA1D-E2820402BE03}.Release|Any CPU.ActiveCfg = Release|Any CPU
		{C685B883-7D04-40E8-AA1D-E2820402BE03}.Release|Any CPU.Build.0 = Release|Any CPU
	EndGlobalSection
	GlobalSection(SolutionProperties) = preSolution
		HideSolutionNode = FALSE
	EndGlobalSection
	GlobalSection(ExtensibilityGlobals) = postSolution
		SolutionGuid = {AE9C41AB-95B4-4DC4-BA21-7B2295737792}
	EndGlobalSection
EndGlobal
